{
  "R": {
    "Version": "4.2.0",
    "Repositories": [
      {
        "Name": "milesmcbain",
        "URL": "https://milesmcbain.r-universe.dev"
      },
      {
        "Name": "CRAN",
        "URL": "https://cloud.r-project.org"
      }
    ]
  },
  "Packages": {
    "BH": {
      "Source": "Repository",
      "Package": "BH",
      "Version": "1.78.0-0",
      "Repository": "CRAN"
    },
    "DBI": {
      "Source": "Repository",
      "Package": "DBI",
      "Version": "1.1.2",
      "Repository": "CRAN",
      "RemoteType": "standard",
      "RemotePkgRef": "DBI",
      "RemoteRef": "DBI",
      "RemoteRepos": "https://cloud.r-project.org",
      "RemotePkgPlatform": "aarch64-apple-darwin20",
      "RemoteSha": "1.1.2"
    },
    "R6": {
      "Source": "Repository",
      "Package": "R6",
      "Version": "2.5.1",
      "Repository": "CRAN",
      "RemoteType": "standard",
      "RemotePkgRef": "R6",
      "RemoteRef": "R6",
      "RemoteRepos": "https://cloud.r-project.org",
      "RemotePkgPlatform": "aarch64-apple-darwin20",
      "RemoteSha": "2.5.1"
    },
    "RColorBrewer": {
      "Source": "Repository",
      "Package": "RColorBrewer",
      "Version": "1.1-3",
      "Repository": "CRAN",
      "RemoteType": "standard",
      "RemotePkgRef": "RColorBrewer",
      "RemoteRef": "RColorBrewer",
      "RemoteRepos": "https://cloud.r-project.org",
      "RemotePkgPlatform": "aarch64-apple-darwin20",
      "RemoteSha": "1.1-3"
    },
    "Rcpp": {
      "Source": "Repository",
      "Package": "Rcpp",
      "Version": "1.0.9",
      "Repository": "CRAN"
    },
    "anytime": {
      "Source": "Repository",
      "Package": "anytime",
      "Version": "0.3.9",
      "Repository": "CRAN"
    },
    "askpass": {
      "Source": "Repository",
      "Package": "askpass",
      "Version": "1.1",
      "Repository": "CRAN",
      "RemoteType": "standard",
      "RemotePkgRef": "askpass",
      "RemoteRef": "askpass",
      "RemoteRepos": "https://cloud.r-project.org",
      "RemotePkgPlatform": "aarch64-apple-darwin20",
      "RemoteSha": "1.1"
    },
    "assertthat": {
      "Source": "Repository",
      "Package": "assertthat",
      "Version": "0.2.1",
      "Repository": "CRAN",
      "RemoteType": "standard",
      "RemotePkgRef": "assertthat",
      "RemoteRef": "assertthat",
      "RemoteRepos": "https://cloud.r-project.org",
      "RemotePkgPlatform": "aarch64-apple-darwin20",
      "RemoteSha": "0.2.1"
    },
    "backports": {
      "Source": "Repository",
      "Package": "backports",
      "Version": "1.4.1",
      "Repository": "CRAN",
      "RemoteType": "standard",
      "RemotePkgRef": "backports",
      "RemoteRef": "backports",
      "RemoteRepos": "https://cloud.r-project.org",
      "RemotePkgPlatform": "aarch64-apple-darwin20",
      "RemoteSha": "1.4.1"
    },
    "base64enc": {
      "Source": "Repository",
      "Package": "base64enc",
      "Version": "0.1-3",
      "Repository": "CRAN",
      "RemoteType": "standard",
      "RemotePkgRef": "base64enc",
      "RemoteRef": "base64enc",
      "RemoteRepos": "https://cloud.r-project.org",
      "RemotePkgPlatform": "aarch64-apple-darwin20",
      "RemoteSha": "0.1-3"
    },
    "base64url": {
      "Source": "Repository",
      "Package": "base64url",
      "Version": "1.4",
      "Repository": "CRAN",
      "RemoteType": "standard",
      "RemotePkgRef": "base64url",
      "RemoteRef": "base64url",
      "RemoteRepos": "https://cloud.r-project.org",
      "RemotePkgPlatform": "aarch64-apple-darwin20",
      "RemoteSha": "1.4"
    },
    "bit": {
      "Source": "Repository",
      "Package": "bit",
      "Version": "4.0.4",
      "Repository": "CRAN",
      "RemoteType": "standard",
      "RemotePkgRef": "bit",
      "RemoteRef": "bit",
      "RemoteRepos": "https://cloud.r-project.org",
      "RemotePkgPlatform": "aarch64-apple-darwin20",
      "RemoteSha": "4.0.4"
    },
    "bit64": {
      "Source": "Repository",
      "Package": "bit64",
      "Version": "4.0.5",
      "Repository": "CRAN",
      "RemoteType": "standard",
      "RemotePkgRef": "bit64",
      "RemoteRef": "bit64",
      "RemoteRepos": "https://cloud.r-project.org",
      "RemotePkgPlatform": "aarch64-apple-darwin20",
      "RemoteSha": "4.0.5"
    },
    "blob": {
      "Source": "Repository",
      "Package": "blob",
      "Version": "1.2.3",
      "Repository": "CRAN",
      "RemoteType": "standard",
      "RemotePkgRef": "blob",
      "RemoteRef": "blob",
      "RemoteRepos": "https://cloud.r-project.org",
      "RemotePkgPlatform": "aarch64-apple-darwin20",
      "RemoteSha": "1.2.3"
    },
    "brolgar": {
      "Source": "Repository",
      "Package": "brolgar",
      "Version": "0.1.2",
      "Repository": "CRAN"
    },
    "broom": {
      "Source": "Repository",
      "Package": "broom",
      "Version": "0.8.0",
      "Repository": "CRAN",
      "RemoteType": "standard",
      "RemotePkgRef": "broom",
      "RemoteRef": "broom",
      "RemoteRepos": "https://cloud.r-project.org",
      "RemotePkgPlatform": "aarch64-apple-darwin20",
      "RemoteSha": "0.8.0"
    },
    "bslib": {
      "Source": "Repository",
      "Package": "bslib",
      "Version": "0.3.1",
      "Repository": "CRAN",
      "RemoteType": "standard",
      "RemotePkgRef": "bslib",
      "RemoteRef": "bslib",
      "RemoteRepos": "https://cloud.r-project.org",
      "RemotePkgPlatform": "aarch64-apple-darwin20",
      "RemoteSha": "0.3.1"
    },
    "cachem": {
      "Source": "Repository",
      "Package": "cachem",
      "Version": "1.0.6",
      "Repository": "CRAN",
      "RemoteType": "standard",
      "RemotePkgRef": "cachem",
      "RemoteRef": "cachem",
      "RemoteRepos": "https://cloud.r-project.org",
      "RemotePkgPlatform": "aarch64-apple-darwin20",
      "RemoteSha": "1.0.6"
    },
    "callr": {
      "Source": "Repository",
      "Package": "callr",
      "Version": "3.7.0",
      "Repository": "CRAN",
      "RemoteType": "standard",
      "RemotePkgRef": "callr",
      "RemoteRef": "callr",
      "RemoteRepos": "https://cloud.r-project.org",
      "RemotePkgPlatform": "aarch64-apple-darwin20",
      "RemoteSha": "3.7.0"
    },
    "cellranger": {
      "Source": "Repository",
      "Package": "cellranger",
      "Version": "1.1.0",
      "Repository": "CRAN",
      "RemoteType": "standard",
      "RemotePkgRef": "cellranger",
      "RemoteRef": "cellranger",
      "RemoteRepos": "https://cloud.r-project.org",
      "RemotePkgPlatform": "aarch64-apple-darwin20",
      "RemoteSha": "1.1.0"
    },
    "cli": {
      "Source": "GitHub",
      "Package": "cli",
      "Version": "3.3.0.9000",
      "RemoteType": "github",
      "RemoteHost": "api.github.com",
      "RemoteRepo": "cli",
      "RemoteUsername": "r-lib",
      "RemotePkgRef": "r-lib/cli",
      "RemoteRef": "HEAD",
      "RemoteSha": "31a5db5f6333a88397d5e48e16e39712be58b039"
    },
    "clipr": {
      "Source": "Repository",
      "Package": "clipr",
      "Version": "0.8.0",
      "Repository": "CRAN",
      "RemoteType": "standard",
      "RemotePkgRef": "clipr",
      "RemoteRef": "clipr",
      "RemoteRepos": "https://cloud.r-project.org",
      "RemotePkgPlatform": "aarch64-apple-darwin20",
      "RemoteSha": "0.8.0"
    },
    "colorspace": {
      "Source": "Repository",
      "Package": "colorspace",
      "Version": "2.0-3",
      "Repository": "CRAN",
      "RemoteType": "standard",
      "RemotePkgRef": "colorspace",
      "RemoteRef": "colorspace",
      "RemoteRepos": "https://cloud.r-project.org",
      "RemotePkgPlatform": "aarch64-apple-darwin20",
      "RemoteSha": "2.0-3"
    },
    "commonmark": {
      "Source": "Repository",
      "Package": "commonmark",
      "Version": "1.8.0",
      "Repository": "CRAN",
      "RemoteType": "standard",
      "RemotePkgRef": "commonmark",
      "RemoteRef": "commonmark",
      "RemoteRepos": "https://cloud.r-project.org",
      "RemotePkgPlatform": "aarch64-apple-darwin20",
      "RemoteSha": "1.8.0"
    },
    "conflicted": {
      "Source": "Repository",
      "Package": "conflicted",
      "Version": "1.1.0",
      "Repository": "CRAN",
      "RemoteType": "standard",
      "RemotePkgRef": "conflicted",
      "RemoteRef": "conflicted",
      "RemoteRepos": "https://cloud.r-project.org",
      "RemotePkgPlatform": "aarch64-apple-darwin20",
      "RemoteSha": "1.1.0"
    },
    "cpp11": {
      "Source": "Repository",
      "Package": "cpp11",
      "Version": "0.4.2",
      "Repository": "CRAN"
    },
    "crayon": {
      "Source": "Repository",
      "Package": "crayon",
      "Version": "1.5.1",
      "Repository": "CRAN",
      "RemoteType": "standard",
      "RemotePkgRef": "crayon",
      "RemoteRef": "crayon",
      "RemoteRepos": "https://cloud.r-project.org",
      "RemotePkgPlatform": "aarch64-apple-darwin20",
      "RemoteSha": "1.5.1"
    },
    "crosstalk": {
      "Source": "Repository",
      "Package": "crosstalk",
      "Version": "1.2.0",
      "Repository": "CRAN"
    },
    "curl": {
      "Source": "Repository",
      "Package": "curl",
      "Version": "4.3.2",
      "Repository": "CRAN",
      "RemoteType": "standard",
      "RemotePkgRef": "curl",
      "RemoteRef": "curl",
      "RemoteRepos": "https://cloud.r-project.org",
      "RemotePkgPlatform": "aarch64-apple-darwin20",
      "RemoteSha": "4.3.2"
    },
    "data.table": {
      "Source": "Repository",
      "Package": "data.table",
      "Version": "1.14.2",
      "Repository": "CRAN",
      "RemoteType": "standard",
      "RemotePkgRef": "data.table",
      "RemoteRef": "data.table",
      "RemoteRepos": "https://cloud.r-project.org",
      "RemotePkgPlatform": "aarch64-apple-darwin20",
      "RemoteSha": "1.14.2"
    },
    "dbplyr": {
      "Source": "Repository",
      "Package": "dbplyr",
      "Version": "2.1.1",
      "Repository": "CRAN",
      "RemoteType": "standard",
      "RemotePkgRef": "dbplyr",
      "RemoteRef": "dbplyr",
      "RemoteRepos": "https://cloud.r-project.org",
      "RemotePkgPlatform": "aarch64-apple-darwin20",
      "RemoteSha": "2.1.1"
    },
    "dendextend": {
      "Source": "Repository",
      "Package": "dendextend",
      "Version": "1.15.2",
      "Repository": "CRAN"
    },
    "digest": {
      "Source": "Repository",
      "Package": "digest",
      "Version": "0.6.29",
      "Repository": "CRAN",
      "RemoteType": "standard",
      "RemotePkgRef": "digest",
      "RemoteRef": "digest",
      "RemoteRepos": "https://cloud.r-project.org",
      "RemotePkgPlatform": "aarch64-apple-darwin20",
      "RemoteSha": "0.6.29"
    },
    "distributional": {
      "Source": "Repository",
      "Package": "distributional",
      "Version": "0.3.0",
      "Repository": "CRAN"
    },
    "dotenv": {
      "Source": "Repository",
      "Package": "dotenv",
      "Version": "1.0.3",
      "Repository": "CRAN"
    },
    "dplyr": {
      "Source": "Repository",
      "Package": "dplyr",
      "Version": "1.0.9",
      "Repository": "CRAN",
      "RemoteType": "standard",
      "RemotePkgRef": "dplyr",
      "RemoteRef": "dplyr",
      "RemoteRepos": "https://cloud.r-project.org",
      "RemotePkgPlatform": "aarch64-apple-darwin20",
      "RemoteSha": "1.0.9"
    },
    "dtplyr": {
      "Source": "Repository",
      "Package": "dtplyr",
      "Version": "1.2.1",
      "Repository": "CRAN",
      "RemoteType": "standard",
      "RemotePkgRef": "dtplyr",
      "RemoteRef": "dtplyr",
      "RemoteRepos": "https://cloud.r-project.org",
      "RemotePkgPlatform": "aarch64-apple-darwin20",
      "RemoteSha": "1.2.1"
    },
    "ellipsis": {
      "Source": "Repository",
      "Package": "ellipsis",
      "Version": "0.3.2",
      "Repository": "CRAN",
      "RemoteType": "standard",
      "RemotePkgRef": "ellipsis",
      "RemoteRef": "ellipsis",
      "RemoteRepos": "https://cloud.r-project.org",
      "RemotePkgPlatform": "aarch64-apple-darwin20",
      "RemoteSha": "0.3.2"
    },
    "evaluate": {
      "Source": "Repository",
      "Package": "evaluate",
      "Version": "0.15",
      "Repository": "CRAN",
      "RemoteType": "standard",
      "RemotePkgRef": "evaluate",
      "RemoteRef": "evaluate",
      "RemoteRepos": "https://cloud.r-project.org",
      "RemotePkgPlatform": "aarch64-apple-darwin20",
      "RemoteSha": "0.15"
    },
    "fabletools": {
      "Source": "Repository",
      "Package": "fabletools",
      "Version": "0.3.2",
      "Repository": "CRAN"
    },
    "fansi": {
      "Source": "Repository",
      "Package": "fansi",
      "Version": "1.0.3",
      "Repository": "CRAN",
      "RemoteType": "standard",
      "RemotePkgRef": "fansi",
      "RemoteRef": "fansi",
      "RemoteRepos": "https://cloud.r-project.org",
      "RemotePkgPlatform": "aarch64-apple-darwin20",
      "RemoteSha": "1.0.3"
    },
    "farver": {
      "Source": "Repository",
      "Package": "farver",
      "Version": "2.1.0",
      "Repository": "CRAN",
      "RemoteType": "standard",
      "RemotePkgRef": "farver",
      "RemoteRef": "farver",
      "RemoteRepos": "https://cloud.r-project.org",
      "RemotePkgPlatform": "aarch64-apple-darwin20",
      "RemoteSha": "2.1.0"
    },
    "fastmap": {
      "Source": "Repository",
      "Package": "fastmap",
      "Version": "1.1.0",
      "Repository": "CRAN",
      "RemoteType": "standard",
      "RemotePkgRef": "fastmap",
      "RemoteRef": "fastmap",
      "RemoteRepos": "https://cloud.r-project.org",
      "RemotePkgPlatform": "aarch64-apple-darwin20",
      "RemoteSha": "1.1.0"
    },
    "fontawesome": {
      "Source": "Repository",
      "Package": "fontawesome",
      "Version": "0.2.2",
      "Repository": "CRAN"
    },
    "forcats": {
      "Source": "Repository",
      "Package": "forcats",
      "Version": "0.5.1",
      "Repository": "CRAN",
      "RemoteType": "standard",
      "RemotePkgRef": "forcats",
      "RemoteRef": "forcats",
      "RemoteRepos": "https://cloud.r-project.org",
      "RemotePkgPlatform": "aarch64-apple-darwin20",
      "RemoteSha": "0.5.1"
    },
    "fs": {
      "Source": "Repository",
      "Package": "fs",
      "Version": "1.5.2",
      "Repository": "CRAN",
      "RemoteType": "standard",
      "RemotePkgRef": "fs",
      "RemoteRef": "fs",
      "RemoteRepos": "https://cloud.r-project.org",
      "RemotePkgPlatform": "aarch64-apple-darwin20",
      "RemoteSha": "1.5.2"
    },
    "future": {
      "Source": "Repository",
      "Package": "future",
      "Version": "1.25.0",
      "Repository": "CRAN",
      "RemoteType": "standard",
      "RemotePkgRef": "future",
      "RemoteRef": "future",
      "RemoteRepos": "https://cloud.r-project.org",
      "RemotePkgPlatform": "aarch64-apple-darwin20",
      "RemoteSha": "1.25.0"
    },
    "gargle": {
      "Source": "Repository",
      "Package": "gargle",
      "Version": "1.2.0",
      "Repository": "CRAN",
      "RemoteType": "standard",
      "RemotePkgRef": "gargle",
      "RemoteRef": "gargle",
      "RemoteRepos": "https://cloud.r-project.org",
      "RemotePkgPlatform": "aarch64-apple-darwin20",
      "RemoteSha": "1.2.0"
    },
    "generics": {
      "Source": "Repository",
      "Package": "generics",
      "Version": "0.1.2",
      "Repository": "CRAN",
      "RemoteType": "standard",
      "RemotePkgRef": "generics",
      "RemoteRef": "generics",
      "RemoteRepos": "https://cloud.r-project.org",
      "RemotePkgPlatform": "aarch64-apple-darwin20",
      "RemoteSha": "0.1.2"
    },
    "ggplot2": {
      "Source": "Repository",
      "Package": "ggplot2",
      "Version": "3.3.6",
      "Repository": "CRAN",
      "RemoteType": "standard",
      "RemotePkgRef": "ggplot2",
      "RemoteRef": "ggplot2",
      "RemoteRepos": "https://cloud.r-project.org",
      "RemotePkgPlatform": "aarch64-apple-darwin20",
      "RemoteSha": "3.3.6"
    },
    "globals": {
      "Source": "Repository",
      "Package": "globals",
      "Version": "0.15.0",
      "Repository": "CRAN"
    },
    "glue": {
      "Source": "Repository",
      "Package": "glue",
      "Version": "1.6.2",
      "Repository": "CRAN",
      "RemoteType": "standard",
      "RemotePkgRef": "glue",
      "RemoteRef": "glue",
      "RemoteRepos": "https://cloud.r-project.org",
      "RemotePkgPlatform": "aarch64-apple-darwin20",
      "RemoteSha": "1.6.2"
    },
    "googledrive": {
      "Source": "Repository",
      "Package": "googledrive",
      "Version": "2.0.0",
      "Repository": "CRAN",
      "RemoteType": "standard",
      "RemotePkgRef": "googledrive",
      "RemoteRef": "googledrive",
      "RemoteRepos": "https://cloud.r-project.org",
      "RemotePkgPlatform": "aarch64-apple-darwin20",
      "RemoteSha": "2.0.0"
    },
    "googlesheets4": {
      "Source": "Repository",
      "Package": "googlesheets4",
      "Version": "1.0.0",
      "Repository": "CRAN",
      "RemoteType": "standard",
      "RemotePkgRef": "googlesheets4",
      "RemoteRef": "googlesheets4",
      "RemoteRepos": "https://cloud.r-project.org",
      "RemotePkgPlatform": "aarch64-apple-darwin20",
      "RemoteSha": "1.0.0"
    },
    "gridExtra": {
      "Source": "Repository",
      "Package": "gridExtra",
      "Version": "2.3",
      "Repository": "CRAN",
      "RemoteType": "standard",
      "RemotePkgRef": "gridExtra",
      "RemoteRef": "gridExtra",
      "RemoteRepos": "https://cloud.r-project.org",
      "RemotePkgPlatform": "aarch64-apple-darwin20",
      "RemoteSha": "2.3"
    },
    "gtable": {
      "Source": "Repository",
      "Package": "gtable",
      "Version": "0.3.0",
      "Repository": "CRAN",
      "RemoteType": "standard",
      "RemotePkgRef": "gtable",
      "RemoteRef": "gtable",
      "RemoteRepos": "https://cloud.r-project.org",
      "RemotePkgPlatform": "aarch64-apple-darwin20",
      "RemoteSha": "0.3.0"
    },
    "haven": {
      "Source": "Repository",
      "Package": "haven",
      "Version": "2.5.0",
      "Repository": "CRAN",
      "RemoteType": "standard",
      "RemotePkgRef": "haven",
      "RemoteRef": "haven",
      "RemoteRepos": "https://cloud.r-project.org",
      "RemotePkgPlatform": "aarch64-apple-darwin20",
      "RemoteSha": "2.5.0"
    },
    "here": {
      "Source": "Repository",
      "Package": "here",
      "Version": "1.0.1",
      "Repository": "CRAN",
      "RemoteType": "standard",
      "RemotePkgRef": "here",
      "RemoteRef": "here",
      "RemoteRepos": "https://cloud.r-project.org",
      "RemotePkgPlatform": "aarch64-apple-darwin20",
      "RemoteSha": "1.0.1"
    },
    "highr": {
      "Source": "Repository",
      "Package": "highr",
      "Version": "0.9",
      "Repository": "CRAN",
      "RemoteType": "standard",
      "RemotePkgRef": "highr",
      "RemoteRef": "highr",
      "RemoteRepos": "https://cloud.r-project.org",
      "RemotePkgPlatform": "aarch64-apple-darwin20",
      "RemoteSha": "0.9"
    },
    "hms": {
      "Source": "Repository",
      "Package": "hms",
      "Version": "1.1.1",
      "Repository": "CRAN",
      "RemoteType": "standard",
      "RemotePkgRef": "hms",
      "RemoteRef": "hms",
      "RemoteRepos": "https://cloud.r-project.org",
      "RemotePkgPlatform": "aarch64-apple-darwin20",
      "RemoteSha": "1.1.1"
    },
    "htmltools": {
      "Source": "Repository",
      "Package": "htmltools",
      "Version": "0.5.2",
      "Repository": "CRAN",
      "RemoteType": "standard",
      "RemotePkgRef": "htmltools",
      "RemoteRef": "htmltools",
      "RemoteRepos": "https://cloud.r-project.org",
      "RemotePkgPlatform": "aarch64-apple-darwin20",
      "RemoteSha": "0.5.2"
    },
    "htmlwidgets": {
      "Source": "Repository",
      "Package": "htmlwidgets",
      "Version": "1.5.4",
      "Repository": "CRAN"
    },
    "httpuv": {
      "Source": "Repository",
      "Package": "httpuv",
      "Version": "1.6.5",
      "Repository": "CRAN",
      "RemoteType": "standard",
      "RemotePkgRef": "httpuv",
      "RemoteRef": "httpuv",
      "RemoteRepos": "https://cloud.r-project.org",
      "RemotePkgPlatform": "aarch64-apple-darwin20",
      "RemoteSha": "1.6.5"
    },
    "httr": {
      "Source": "Repository",
      "Package": "httr",
      "Version": "1.4.3",
      "Repository": "CRAN",
      "RemoteType": "standard",
      "RemotePkgRef": "httr",
      "RemoteRef": "httr",
      "RemoteRepos": "https://cloud.r-project.org",
      "RemotePkgPlatform": "aarch64-apple-darwin20",
      "RemoteSha": "1.4.3"
    },
    "ids": {
      "Source": "Repository",
      "Package": "ids",
      "Version": "1.0.1",
      "Repository": "CRAN",
      "RemoteType": "standard",
      "RemotePkgRef": "ids",
      "RemoteRef": "ids",
      "RemoteRepos": "https://cloud.r-project.org",
      "RemotePkgPlatform": "aarch64-apple-darwin20",
      "RemoteSha": "1.0.1"
    },
    "igraph": {
      "Source": "Repository",
      "Package": "igraph",
      "Version": "1.3.1",
      "Repository": "CRAN"
    },
    "isoband": {
      "Source": "Repository",
      "Package": "isoband",
      "Version": "0.2.5",
      "Repository": "CRAN",
      "RemoteType": "standard",
      "RemotePkgRef": "isoband",
      "RemoteRef": "isoband",
      "RemoteRepos": "https://cloud.r-project.org",
      "RemotePkgPlatform": "aarch64-apple-darwin20",
      "RemoteSha": "0.2.5"
    },
    "jquerylib": {
      "Source": "Repository",
      "Package": "jquerylib",
      "Version": "0.1.4",
      "Repository": "CRAN",
      "RemoteType": "standard",
      "RemotePkgRef": "jquerylib",
      "RemoteRef": "jquerylib",
      "RemoteRepos": "https://cloud.r-project.org",
      "RemotePkgPlatform": "aarch64-apple-darwin20",
      "RemoteSha": "0.1.4"
    },
    "jsonlite": {
      "Source": "Repository",
      "Package": "jsonlite",
      "Version": "1.8.0",
      "Repository": "CRAN",
      "RemoteType": "standard",
      "RemotePkgRef": "jsonlite",
      "RemoteRef": "jsonlite",
      "RemoteRepos": "https://cloud.r-project.org",
      "RemotePkgPlatform": "aarch64-apple-darwin20",
      "RemoteSha": "1.8.0"
    },
    "knitr": {
      "Source": "Repository",
      "Package": "knitr",
      "Version": "1.39",
      "Repository": "CRAN",
      "RemoteType": "standard",
      "RemotePkgRef": "knitr",
      "RemoteRef": "knitr",
      "RemoteRepos": "https://cloud.r-project.org",
      "RemotePkgPlatform": "aarch64-apple-darwin20",
      "RemoteSha": "1.39"
    },
    "labeling": {
      "Source": "Repository",
      "Package": "labeling",
      "Version": "0.4.2",
      "Repository": "CRAN",
      "RemoteType": "standard",
      "RemotePkgRef": "labeling",
      "RemoteRef": "labeling",
      "RemoteRepos": "https://cloud.r-project.org",
      "RemotePkgPlatform": "aarch64-apple-darwin20",
      "RemoteSha": "0.4.2"
    },
    "later": {
      "Source": "Repository",
      "Package": "later",
      "Version": "1.3.0",
      "Repository": "CRAN",
      "RemoteType": "standard",
      "RemotePkgRef": "later",
      "RemoteRef": "later",
      "RemoteRepos": "https://cloud.r-project.org",
      "RemotePkgPlatform": "aarch64-apple-darwin20",
      "RemoteSha": "1.3.0"
    },
    "lazyeval": {
      "Source": "Repository",
      "Package": "lazyeval",
      "Version": "0.2.2",
      "Repository": "CRAN"
    },
    "lifecycle": {
      "Source": "Repository",
      "Package": "lifecycle",
      "Version": "1.0.1",
      "Repository": "CRAN",
      "RemoteType": "standard",
      "RemotePkgRef": "lifecycle",
      "RemoteRef": "lifecycle",
      "RemoteRepos": "https://cloud.r-project.org",
      "RemotePkgPlatform": "aarch64-apple-darwin20",
      "RemoteSha": "1.0.1"
    },
    "listenv": {
      "Source": "Repository",
      "Package": "listenv",
      "Version": "0.8.0",
      "Repository": "CRAN",
      "RemoteType": "standard",
      "RemotePkgRef": "listenv",
      "RemoteRef": "listenv",
      "RemoteRepos": "https://cloud.r-project.org",
      "RemotePkgPlatform": "aarch64-apple-darwin20",
      "RemoteSha": "0.8.0"
    },
    "lubridate": {
      "Source": "Repository",
      "Package": "lubridate",
      "Version": "1.8.0",
      "Repository": "CRAN",
      "RemoteType": "standard",
      "RemotePkgRef": "lubridate",
      "RemoteRef": "lubridate",
      "RemoteRepos": "https://cloud.r-project.org",
      "RemotePkgPlatform": "aarch64-apple-darwin20",
      "RemoteSha": "1.8.0"
    },
    "magrittr": {
      "Source": "Repository",
      "Package": "magrittr",
      "Version": "2.0.3",
      "Repository": "CRAN",
      "RemoteType": "standard",
      "RemotePkgRef": "magrittr",
      "RemoteRef": "magrittr",
      "RemoteRepos": "https://cloud.r-project.org",
      "RemotePkgPlatform": "aarch64-apple-darwin20",
      "RemoteSha": "2.0.3"
    },
    "memoise": {
      "Source": "Repository",
      "Package": "memoise",
      "Version": "2.0.1",
      "Repository": "CRAN",
      "RemoteType": "standard",
      "RemotePkgRef": "memoise",
      "RemoteRef": "memoise",
      "RemoteRepos": "https://cloud.r-project.org",
      "RemotePkgPlatform": "aarch64-apple-darwin20",
      "RemoteSha": "2.0.1"
    },
    "mime": {
      "Source": "Repository",
      "Package": "mime",
      "Version": "0.12",
      "Repository": "CRAN",
      "RemoteType": "standard",
      "RemotePkgRef": "mime",
      "RemoteRef": "mime",
      "RemoteRepos": "https://cloud.r-project.org",
      "RemotePkgPlatform": "aarch64-apple-darwin20",
      "RemoteSha": "0.12"
    },
    "modelr": {
      "Source": "Repository",
      "Package": "modelr",
      "Version": "0.1.8",
      "Repository": "CRAN",
      "RemoteType": "standard",
      "RemotePkgRef": "modelr",
      "RemoteRef": "modelr",
      "RemoteRepos": "https://cloud.r-project.org",
      "RemotePkgPlatform": "aarch64-apple-darwin20",
      "RemoteSha": "0.1.8"
    },
    "munsell": {
      "Source": "Repository",
      "Package": "munsell",
      "Version": "0.5.0",
      "Repository": "CRAN",
      "RemoteType": "standard",
      "RemotePkgRef": "munsell",
      "RemoteRef": "munsell",
      "RemoteRepos": "https://cloud.r-project.org",
      "RemotePkgPlatform": "aarch64-apple-darwin20",
      "RemoteSha": "0.5.0"
    },
    "numDeriv": {
      "Source": "Repository",
      "Package": "numDeriv",
      "Version": "2016.8-1.1",
      "Repository": "CRAN"
    },
    "openssl": {
      "Source": "Repository",
      "Package": "openssl",
      "Version": "2.0.2",
      "Repository": "CRAN"
    },
    "parallelly": {
      "Source": "Repository",
      "Package": "parallelly",
      "Version": "1.31.1",
      "Repository": "CRAN",
      "RemoteType": "standard",
      "RemotePkgRef": "parallelly",
      "RemoteRef": "parallelly",
      "RemoteRepos": "https://cloud.r-project.org",
      "RemotePkgPlatform": "aarch64-apple-darwin20",
      "RemoteSha": "1.31.1"
    },
    "patchwork": {
      "Source": "Repository",
      "Package": "patchwork",
      "Version": "1.1.1",
      "Repository": "CRAN"
    },
    "pillar": {
      "Source": "Repository",
      "Package": "pillar",
      "Version": "1.7.0",
      "Repository": "CRAN",
      "RemoteType": "standard",
      "RemotePkgRef": "pillar",
      "RemoteRef": "pillar",
      "RemoteRepos": "https://cloud.r-project.org",
      "RemotePkgPlatform": "aarch64-apple-darwin20",
      "RemoteSha": "1.7.0"
    },
    "pkgconfig": {
      "Source": "Repository",
      "Package": "pkgconfig",
      "Version": "2.0.3",
      "Repository": "CRAN",
      "RemoteType": "standard",
      "RemotePkgRef": "pkgconfig",
      "RemoteRef": "pkgconfig",
      "RemoteRepos": "https://cloud.r-project.org",
      "RemotePkgPlatform": "aarch64-apple-darwin20",
      "RemoteSha": "2.0.3"
    },
    "plotly": {
      "Source": "Repository",
      "Package": "plotly",
      "Version": "4.10.0",
      "Repository": "CRAN"
    },
    "prettyunits": {
      "Source": "Repository",
      "Package": "prettyunits",
      "Version": "1.1.1",
      "Repository": "CRAN",
      "RemoteType": "standard",
      "RemotePkgRef": "prettyunits",
      "RemoteRef": "prettyunits",
      "RemoteRepos": "https://cloud.r-project.org",
      "RemotePkgPlatform": "aarch64-apple-darwin20",
      "RemoteSha": "1.1.1"
    },
    "processx": {
      "Source": "Repository",
      "Package": "processx",
      "Version": "3.6.1",
      "Repository": "CRAN"
    },
    "progress": {
      "Source": "Repository",
      "Package": "progress",
      "Version": "1.2.2",
      "Repository": "CRAN",
      "RemoteType": "standard",
      "RemotePkgRef": "progress",
      "RemoteRef": "progress",
      "RemoteRepos": "https://cloud.r-project.org",
      "RemotePkgPlatform": "aarch64-apple-darwin20",
      "RemoteSha": "1.2.2"
    },
    "progressr": {
      "Source": "Repository",
      "Package": "progressr",
      "Version": "0.10.0",
      "Repository": "CRAN"
    },
    "promises": {
      "Source": "Repository",
      "Package": "promises",
      "Version": "1.2.0.1",
      "Repository": "CRAN",
      "RemoteType": "standard",
      "RemotePkgRef": "promises",
      "RemoteRef": "promises",
      "RemoteRepos": "https://cloud.r-project.org",
      "RemotePkgPlatform": "aarch64-apple-darwin20",
      "RemoteSha": "1.2.0.1"
    },
    "ps": {
      "Source": "Repository",
      "Package": "ps",
      "Version": "1.7.1",
      "Repository": "CRAN"
    },
    "purrr": {
      "Source": "Repository",
      "Package": "purrr",
      "Version": "0.3.4",
      "Repository": "CRAN",
      "RemoteType": "standard",
      "RemotePkgRef": "purrr",
      "RemoteRef": "purrr",
      "RemoteRepos": "https://cloud.r-project.org",
      "RemotePkgPlatform": "aarch64-apple-darwin20",
      "RemoteSha": "0.3.4"
    },
    "rappdirs": {
      "Source": "Repository",
      "Package": "rappdirs",
      "Version": "0.3.3",
      "Repository": "CRAN",
      "RemoteType": "standard",
      "RemotePkgRef": "rappdirs",
      "RemoteRef": "rappdirs",
      "RemoteRepos": "https://cloud.r-project.org",
      "RemotePkgPlatform": "aarch64-apple-darwin20",
      "RemoteSha": "0.3.3"
    },
    "readr": {
      "Source": "Repository",
      "Package": "readr",
      "Version": "2.1.2",
      "Repository": "CRAN",
      "RemoteType": "standard",
      "RemotePkgRef": "readr",
      "RemoteRef": "readr",
      "RemoteRepos": "https://cloud.r-project.org",
      "RemotePkgPlatform": "aarch64-apple-darwin20",
      "RemoteSha": "2.1.2"
    },
    "readxl": {
      "Source": "Repository",
      "Package": "readxl",
      "Version": "1.4.0",
      "Repository": "CRAN",
      "RemoteType": "standard",
      "RemotePkgRef": "readxl",
      "RemoteRef": "readxl",
      "RemoteRepos": "https://cloud.r-project.org",
      "RemotePkgPlatform": "aarch64-apple-darwin20",
      "RemoteSha": "1.4.0"
    },
    "rematch": {
      "Source": "Repository",
      "Package": "rematch",
      "Version": "1.0.1",
      "Repository": "CRAN",
      "RemoteType": "standard",
      "RemotePkgRef": "rematch",
      "RemoteRef": "rematch",
      "RemoteRepos": "https://cloud.r-project.org",
      "RemotePkgPlatform": "aarch64-apple-darwin20",
      "RemoteSha": "1.0.1"
    },
    "rematch2": {
      "Source": "Repository",
      "Package": "rematch2",
      "Version": "2.1.2",
      "Repository": "CRAN",
      "RemoteType": "standard",
      "RemotePkgRef": "rematch2",
      "RemoteRef": "rematch2",
      "RemoteRepos": "https://cloud.r-project.org",
      "RemotePkgPlatform": "aarch64-apple-darwin20",
      "RemoteSha": "2.1.2"
    },
    "reprex": {
      "Source": "Repository",
      "Package": "reprex",
      "Version": "2.0.1",
      "Repository": "CRAN",
      "RemoteType": "standard",
      "RemotePkgRef": "reprex",
      "RemoteRef": "reprex",
      "RemoteRepos": "https://cloud.r-project.org",
      "RemotePkgPlatform": "aarch64-apple-darwin20",
      "RemoteSha": "2.0.1"
    },
    "rlang": {
      "Source": "Repository",
      "Package": "rlang",
      "Version": "1.0.4",
      "Repository": "CRAN",
      "RemoteType": "standard",
      "RemotePkgRef": "rlang",
      "RemoteRef": "rlang",
      "RemoteRepos": "https://cloud.r-project.org",
      "RemotePkgPlatform": "aarch64-apple-darwin20",
      "RemoteSha": "1.0.4"
    },
    "rmarkdown": {
      "Source": "Repository",
      "Package": "rmarkdown",
      "Version": "2.14",
      "Repository": "CRAN",
      "RemoteType": "standard",
      "RemotePkgRef": "rmarkdown",
      "RemoteRef": "rmarkdown",
      "RemoteRepos": "https://cloud.r-project.org",
      "RemotePkgPlatform": "aarch64-apple-darwin20",
      "RemoteSha": "2.14"
    },
    "rprojroot": {
      "Source": "Repository",
      "Package": "rprojroot",
      "Version": "2.0.3",
      "Repository": "CRAN",
      "RemoteType": "standard",
      "RemotePkgRef": "rprojroot",
      "RemoteRef": "rprojroot",
      "RemoteRepos": "https://cloud.r-project.org",
      "RemotePkgPlatform": "aarch64-apple-darwin20",
      "RemoteSha": "2.0.3"
    },
    "rstudioapi": {
      "Source": "Repository",
      "Package": "rstudioapi",
      "Version": "0.13",
      "Repository": "CRAN",
      "RemoteType": "standard",
      "RemotePkgRef": "rstudioapi",
      "RemoteRef": "rstudioapi",
      "RemoteRepos": "https://cloud.r-project.org",
      "RemotePkgPlatform": "aarch64-apple-darwin20",
      "RemoteSha": "0.13"
    },
    "rvest": {
      "Source": "Repository",
      "Package": "rvest",
      "Version": "1.0.2",
      "Repository": "CRAN",
      "RemoteType": "standard",
      "RemotePkgRef": "rvest",
      "RemoteRef": "rvest",
      "RemoteRepos": "https://cloud.r-project.org",
      "RemotePkgPlatform": "aarch64-apple-darwin20",
      "RemoteSha": "1.0.2"
    },
    "sass": {
      "Source": "Repository",
      "Package": "sass",
      "Version": "0.4.1",
      "Repository": "CRAN",
      "RemoteType": "standard",
      "RemotePkgRef": "sass",
      "RemoteRef": "sass",
      "RemoteRepos": "https://cloud.r-project.org",
      "RemotePkgPlatform": "aarch64-apple-darwin20",
      "RemoteSha": "0.4.1"
    },
    "scales": {
      "Source": "Repository",
      "Package": "scales",
      "Version": "1.2.0",
      "Repository": "CRAN",
      "RemoteType": "standard",
      "RemotePkgRef": "scales",
      "RemoteRef": "scales",
      "RemoteRepos": "https://cloud.r-project.org",
      "RemotePkgPlatform": "aarch64-apple-darwin20",
      "RemoteSha": "1.2.0"
    },
    "selectr": {
      "Source": "Repository",
      "Package": "selectr",
      "Version": "0.4-2",
      "Repository": "CRAN",
      "RemoteType": "standard",
      "RemotePkgRef": "selectr",
      "RemoteRef": "selectr",
      "RemoteRepos": "https://cloud.r-project.org",
      "RemotePkgPlatform": "aarch64-apple-darwin20",
      "RemoteSha": "0.4-2"
    },
    "shiny": {
      "Source": "Repository",
      "Package": "shiny",
      "Version": "1.7.1",
      "Repository": "CRAN"
    },
    "sourcetools": {
      "Source": "Repository",
      "Package": "sourcetools",
      "Version": "0.1.7",
      "Repository": "CRAN"
    },
    "stickylabeller": {
      "Source": "GitHub",
      "Package": "stickylabeller",
      "Version": "0.0.0.9100",
      "RemoteType": "github",
      "RemoteHost": "api.github.com",
      "RemoteRepo": "stickylabeller",
      "RemoteUsername": "jimjam-slam",
      "RemotePkgRef": "jimjam-slam/stickylabeller",
      "RemoteRef": "HEAD",
      "RemoteSha": "f22b5b3cf43c7c66d199f6d3197e702351d301b5"
    },
    "stringi": {
      "Source": "Repository",
      "Package": "stringi",
      "Version": "1.7.6",
      "Repository": "CRAN",
      "RemoteType": "standard",
      "RemotePkgRef": "stringi",
      "RemoteRef": "stringi",
      "RemoteRepos": "https://cloud.r-project.org",
      "RemotePkgPlatform": "aarch64-apple-darwin20",
      "RemoteSha": "1.7.6"
    },
    "stringr": {
      "Source": "Repository",
      "Package": "stringr",
      "Version": "1.4.0",
      "Repository": "CRAN",
      "RemoteType": "standard",
      "RemotePkgRef": "stringr",
      "RemoteRef": "stringr",
      "RemoteRepos": "https://cloud.r-project.org",
      "RemotePkgPlatform": "aarch64-apple-darwin20",
      "RemoteSha": "1.4.0"
    },
    "sys": {
      "Source": "Repository",
      "Package": "sys",
      "Version": "3.4",
      "Repository": "CRAN",
      "RemoteType": "standard",
      "RemotePkgRef": "sys",
      "RemoteRef": "sys",
      "RemoteRepos": "https://cloud.r-project.org",
      "RemotePkgPlatform": "aarch64-apple-darwin20",
      "RemoteSha": "3.4"
    },
    "tarchetypes": {
      "Source": "Repository",
      "Package": "tarchetypes",
      "Version": "0.6.0",
      "Repository": "CRAN"
    },
    "targets": {
      "Source": "Repository",
      "Package": "targets",
      "Version": "0.12.0",
      "Repository": "CRAN",
      "RemoteType": "standard",
      "RemotePkgRef": "targets",
      "RemoteRef": "targets",
      "RemoteRepos": "https://cloud.r-project.org",
      "RemotePkgPlatform": "aarch64-apple-darwin20",
      "RemoteSha": "0.12.0"
    },
    "tibble": {
      "Source": "Repository",
      "Package": "tibble",
      "Version": "3.1.7",
      "Repository": "CRAN",
      "RemoteType": "standard",
      "RemotePkgRef": "tibble",
      "RemoteRef": "tibble",
      "RemoteRepos": "https://cloud.r-project.org",
      "RemotePkgPlatform": "aarch64-apple-darwin20",
      "RemoteSha": "3.1.7"
    },
    "tictoc": {
      "Source": "Repository",
      "Package": "tictoc",
      "Version": "1.0.1",
      "Repository": "CRAN"
    },
    "tidyr": {
      "Source": "Repository",
      "Package": "tidyr",
      "Version": "1.2.0",
      "Repository": "CRAN",
      "RemoteType": "standard",
      "RemotePkgRef": "tidyr",
      "RemoteRef": "tidyr",
      "RemoteRepos": "https://cloud.r-project.org",
      "RemotePkgPlatform": "aarch64-apple-darwin20",
      "RemoteSha": "1.2.0"
    },
    "tidyselect": {
      "Source": "Repository",
      "Package": "tidyselect",
      "Version": "1.1.2",
      "Repository": "CRAN",
      "RemoteType": "standard",
      "RemotePkgRef": "tidyselect",
      "RemoteRef": "tidyselect",
      "RemoteRepos": "https://cloud.r-project.org",
      "RemotePkgPlatform": "aarch64-apple-darwin20",
      "RemoteSha": "1.1.2"
    },
    "tidyverse": {
      "Source": "Repository",
      "Package": "tidyverse",
      "Version": "1.3.1",
      "Repository": "CRAN",
      "RemoteType": "standard",
      "RemotePkgRef": "tidyverse",
      "RemoteRef": "tidyverse",
      "RemoteRepos": "https://cloud.r-project.org",
      "RemotePkgPlatform": "aarch64-apple-darwin20",
      "RemoteSha": "1.3.1"
    },
    "tinytex": {
      "Source": "Repository",
      "Package": "tinytex",
      "Version": "0.40",
      "Repository": "CRAN"
    },
    "tsibble": {
      "Source": "Repository",
      "Package": "tsibble",
      "Version": "1.1.1",
      "Repository": "CRAN"
    },
    "tsibbletalk": {
      "Source": "Repository",
      "Package": "tsibbletalk",
      "Version": "0.1.0",
      "Repository": "CRAN"
    },
    "tzdb": {
      "Source": "Repository",
      "Package": "tzdb",
      "Version": "0.3.0",
      "Repository": "CRAN",
      "RemoteType": "standard",
      "RemotePkgRef": "tzdb",
      "RemoteRef": "tzdb",
      "RemoteRepos": "https://cloud.r-project.org",
      "RemotePkgPlatform": "aarch64-apple-darwin20",
      "RemoteSha": "0.3.0"
    },
    "utf8": {
      "Source": "Repository",
      "Package": "utf8",
      "Version": "1.2.2",
      "Repository": "CRAN",
      "RemoteType": "standard",
      "RemotePkgRef": "utf8",
      "RemoteRef": "utf8",
      "RemoteRepos": "https://cloud.r-project.org",
      "RemotePkgPlatform": "aarch64-apple-darwin20",
      "RemoteSha": "1.2.2"
    },
    "uuid": {
      "Source": "Repository",
      "Package": "uuid",
      "Version": "1.1-0",
      "Repository": "CRAN",
      "RemoteType": "standard",
      "RemotePkgRef": "uuid",
      "RemoteRef": "uuid",
      "RemoteRepos": "https://cloud.r-project.org",
      "RemotePkgPlatform": "aarch64-apple-darwin20",
      "RemoteSha": "1.1-0"
    },
    "vctrs": {
      "Source": "Repository",
      "Package": "vctrs",
      "Version": "0.4.1",
      "Repository": "CRAN",
      "RemoteType": "standard",
      "RemotePkgRef": "vctrs",
      "RemoteRef": "vctrs",
      "RemoteRepos": "https://cloud.r-project.org",
      "RemotePkgPlatform": "aarch64-apple-darwin20",
      "RemoteSha": "0.4.1"
    },
    "viridis": {
      "Source": "Repository",
      "Package": "viridis",
      "Version": "0.6.2",
      "Repository": "CRAN",
      "RemoteType": "standard",
      "RemotePkgRef": "viridis",
      "RemoteRef": "viridis",
      "RemoteRepos": "https://cloud.r-project.org",
      "RemotePkgPlatform": "aarch64-apple-darwin20",
      "RemoteSha": "0.6.2"
    },
    "viridisLite": {
      "Source": "Repository",
      "Package": "viridisLite",
      "Version": "0.4.0",
      "Repository": "CRAN",
      "RemoteType": "standard",
      "RemotePkgRef": "viridisLite",
      "RemoteRef": "viridisLite",
      "RemoteRepos": "https://cloud.r-project.org",
      "RemotePkgPlatform": "aarch64-apple-darwin20",
      "RemoteSha": "0.4.0"
    },
    "vroom": {
      "Source": "Repository",
      "Package": "vroom",
      "Version": "1.5.7",
      "Repository": "CRAN",
      "RemoteType": "standard",
      "RemotePkgRef": "vroom",
      "RemoteRef": "vroom",
      "RemoteRepos": "https://cloud.r-project.org",
      "RemotePkgPlatform": "aarch64-apple-darwin20",
      "RemoteSha": "1.5.7"
    },
    "withr": {
      "Source": "Repository",
      "Package": "withr",
      "Version": "2.5.0",
      "Repository": "CRAN",
      "RemoteType": "standard",
      "RemotePkgRef": "withr",
      "RemoteRef": "withr",
      "RemoteRepos": "https://cloud.r-project.org",
      "RemotePkgPlatform": "aarch64-apple-darwin20",
      "RemoteSha": "2.5.0"
    },
    "xfun": {
      "Source": "Repository",
      "Package": "xfun",
      "Version": "0.32.1",
      "Repository": "https://yihui.r-universe.dev",
      "RemoteUrl": "https://github.com/yihui/xfun",
      "RemoteRef": "HEAD",
      "RemoteSha": "64fefcad665599ca8ce661a5125aec14fa7f8f5d"
    },
    "xml2": {
      "Source": "Repository",
      "Package": "xml2",
      "Version": "1.3.3",
      "Repository": "CRAN",
      "RemoteType": "standard",
      "RemotePkgRef": "xml2",
      "RemoteRef": "xml2",
      "RemoteRepos": "https://cloud.r-project.org",
      "RemotePkgPlatform": "aarch64-apple-darwin20",
      "RemoteSha": "1.3.3"
    },
    "xtable": {
      "Source": "Repository",
      "Package": "xtable",
      "Version": "1.8-4",
      "Repository": "CRAN"
    },
    "yaml": {
      "Source": "Repository",
      "Package": "yaml",
      "Version": "2.3.5",
      "Repository": "CRAN",
      "RemoteType": "standard",
      "RemotePkgRef": "yaml",
      "RemoteRef": "yaml",
      "RemoteRepos": "https://cloud.r-project.org",
      "RemotePkgPlatform": "aarch64-apple-darwin20",
      "RemoteSha": "2.3.5"
    }
  }
}
